
Microsoft Visual Studio Solution File, Format Version 12.00
# Visual Studio Version 17
VisualStudioVersion = 17.9.34622.214
MinimumVisualStudioVersion = 10.0.40219.1
Project("{FAE04EC0-301F-11D3-BF4B-00C04F79EFBC}") = "cexolimpiada2015", "cexolimpiada2015\cexolimpiada2015.csproj", "{E646615A-C76B-47BE-9E6B-458E356CD665}"
EndProject
Global
	GlobalSection(SolutionConfigurationPlatforms) = preSolution
		Debug|Any CPU = Debug|Any CPU
		Release|Any CPU = Release|Any CPU
	EndGlobalSection
	GlobalSection(ProjectConfigurationPlatforms) = postSolution
		{E646615A-C76B-47BE-9E6B-458E356CD665}.Debug|Any CPU.ActiveCfg = Debug|Any CPU
		{E646615A-C76B-47BE-9E6B-458E356CD665}.Debug|Any CPU.Build.0 = Debug|Any CPU
		{E646615A-C76B-47BE-9E6B-458E356CD665}.Release|Any CPU.ActiveCfg = Release|Any CPU
		{E646615A-C76B-47BE-9E6B-458E356CD665}.Release|Any CPU.Build.0 = Release|Any CPU
	EndGlobalSection
	GlobalSection(SolutionProperties) = preSolution
		HideSolutionNode = FALSE
	EndGlobalSection
	GlobalSection(ExtensibilityGlobals) = postSolution
		SolutionGuid = {11563C11-165E-4A71-B5F6-A6B71FC23991}
	EndGlobalSection
EndGlobal
